{
  "originHash" : "0f665ca32a3562c48c9724300c2d1e30373bdee474113f4f514b335860633394",
  "pins" : [
    {
      "identity" : "kingfisher",
      "kind" : "remoteSourceControl",
      "location" : "https://github.com/onevcat/Kingfisher.git",
      "state" : {
        "revision" : "c0940e241945e6378c01fbd45fd3815579d47ef5",
        "version" : "8.1.0"
      }
    },
    {
      "identity" : "tocropviewcontroller",
      "kind" : "remoteSourceControl",
      "location" : "https://github.com/Ans3301/TOCropViewController",
      "state" : {
        "branch" : "custom-TOCropViewController",
        "revision" : "e247b588db3258f9cd4426173be0c840ee636f15"
      }
    }
  ],
  "version" : 3
}
